// !$*UTF8*$!
{
	archiveVersion = 1;
	classes = {
	};
	objectVersion = 51;
	objects = {

/* Begin PBXBuildFile section */
		8D90110623D9E59C004FB68E /* AcquisitionViewController.swift in Sources */ = {isa = PBXBuildFile; fileRef = 8D90110523D9E59C004FB68E /* AcquisitionViewController.swift */; };
		8D90110823D9F0F7004FB68E /* PatientsList.swift in Sources */ = {isa = PBXBuildFile; fileRef = 8D90110723D9F0F7004FB68E /* PatientsList.swift */; };
		8D90110C23DA039E004FB68E /* ListCell.swift in Sources */ = {isa = PBXBuildFile; fileRef = 8D90110A23DA039E004FB68E /* ListCell.swift */; };
		8D90110D23DA039E004FB68E /* ListCell.xib in Resources */ = {isa = PBXBuildFile; fileRef = 8D90110B23DA039E004FB68E /* ListCell.xib */; };
		8D91CD9023CEF61400EB85C4 /* AppDelegate.swift in Sources */ = {isa = PBXBuildFile; fileRef = 8D91CD8F23CEF61400EB85C4 /* AppDelegate.swift */; };
		8D91CD9223CEF61400EB85C4 /* SceneDelegate.swift in Sources */ = {isa = PBXBuildFile; fileRef = 8D91CD9123CEF61400EB85C4 /* SceneDelegate.swift */; };
		8D91CD9423CEF61400EB85C4 /* ViewController.swift in Sources */ = {isa = PBXBuildFile; fileRef = 8D91CD9323CEF61400EB85C4 /* ViewController.swift */; };
		8D91CD9723CEF61400EB85C4 /* Main.storyboard in Resources */ = {isa = PBXBuildFile; fileRef = 8D91CD9523CEF61400EB85C4 /* Main.storyboard */; };
		8D91CD9923CEF61600EB85C4 /* Assets.xcassets in Resources */ = {isa = PBXBuildFile; fileRef = 8D91CD9823CEF61600EB85C4 /* Assets.xcassets */; };
		8D91CD9C23CEF61600EB85C4 /* LaunchScreen.storyboard in Resources */ = {isa = PBXBuildFile; fileRef = 8D91CD9A23CEF61600EB85C4 /* LaunchScreen.storyboard */; };
		8D91CDA423CF07EB00EB85C4 /* RegisterViewController.swift in Sources */ = {isa = PBXBuildFile; fileRef = 8D91CDA323CF07EB00EB85C4 /* RegisterViewController.swift */; };
		8D91CDA723CF0C9800EB85C4 /* HomeViewController.swift in Sources */ = {isa = PBXBuildFile; fileRef = 8D91CDA623CF0C9800EB85C4 /* HomeViewController.swift */; };
		8D91CDA923CF129100EB85C4 /* GoogleService-Info.plist in Resources */ = {isa = PBXBuildFile; fileRef = 8D91CDA823CF129100EB85C4 /* GoogleService-Info.plist */; };
		8D91CDAB23CF633200EB85C4 /* ProfileViewController.swift in Sources */ = {isa = PBXBuildFile; fileRef = 8D91CDAA23CF633200EB85C4 /* ProfileViewController.swift */; };
		8D91CDAD23CF8CC200EB85C4 /* PatientsViewController.swift in Sources */ = {isa = PBXBuildFile; fileRef = 8D91CDAC23CF8CC200EB85C4 /* PatientsViewController.swift */; };
		8D91CDAF23CF941100EB85C4 /* LocalReviewsViewController.swift in Sources */ = {isa = PBXBuildFile; fileRef = 8D91CDAE23CF941100EB85C4 /* LocalReviewsViewController.swift */; };
		8D91CDB123CF9D0000EB85C4 /* CreatePatientViewController.swift in Sources */ = {isa = PBXBuildFile; fileRef = 8D91CDB023CF9D0000EB85C4 /* CreatePatientViewController.swift */; };
		8D91CDB323CF9E4700EB85C4 /* NotesViewController.swift in Sources */ = {isa = PBXBuildFile; fileRef = 8D91CDB223CF9E4700EB85C4 /* NotesViewController.swift */; };
		8D91CDB523CF9FBD00EB85C4 /* PatientReviewViewController.swift in Sources */ = {isa = PBXBuildFile; fileRef = 8D91CDB423CF9FBD00EB85C4 /* PatientReviewViewController.swift */; };
		8D91CDB723CFA18D00EB85C4 /* NewExaminationViewController.swift in Sources */ = {isa = PBXBuildFile; fileRef = 8D91CDB623CFA18D00EB85C4 /* NewExaminationViewController.swift */; };
		F1335CE27AEC33B4A286A85E /* Pods_Eye_Notebook0.framework in Frameworks */ = {isa = PBXBuildFile; fileRef = 82A3313E7AEF0FD2FD5E7DE9 /* Pods_Eye_Notebook0.framework */; };
/* End PBXBuildFile section */

/* Begin PBXFileReference section */
		615C5C18651A70719C1AF245 /* Pods-Eye-Notebook0.debug.xcconfig */ = {isa = PBXFileReference; includeInIndex = 1; lastKnownFileType = text.xcconfig; name = "Pods-Eye-Notebook0.debug.xcconfig"; path = "Target Support Files/Pods-Eye-Notebook0/Pods-Eye-Notebook0.debug.xcconfig"; sourceTree = "<group>"; };
		82A3313E7AEF0FD2FD5E7DE9 /* Pods_Eye_Notebook0.framework */ = {isa = PBXFileReference; explicitFileType = wrapper.framework; includeInIndex = 0; path = Pods_Eye_Notebook0.framework; sourceTree = BUILT_PRODUCTS_DIR; };
		8D90110523D9E59C004FB68E /* AcquisitionViewController.swift */ = {isa = PBXFileReference; lastKnownFileType = sourcecode.swift; path = AcquisitionViewController.swift; sourceTree = "<group>"; };
		8D90110723D9F0F7004FB68E /* PatientsList.swift */ = {isa = PBXFileReference; lastKnownFileType = sourcecode.swift; path = PatientsList.swift; sourceTree = "<group>"; };
		8D90110A23DA039E004FB68E /* ListCell.swift */ = {isa = PBXFileReference; lastKnownFileType = sourcecode.swift; path = ListCell.swift; sourceTree = "<group>"; };
		8D90110B23DA039E004FB68E /* ListCell.xib */ = {isa = PBXFileReference; lastKnownFileType = file.xib; path = ListCell.xib; sourceTree = "<group>"; };
		8D91CD8C23CEF61400EB85C4 /* Eye-Notebook0.app */ = {isa = PBXFileReference; explicitFileType = wrapper.application; includeInIndex = 0; path = "Eye-Notebook0.app"; sourceTree = BUILT_PRODUCTS_DIR; };
		8D91CD8F23CEF61400EB85C4 /* AppDelegate.swift */ = {isa = PBXFileReference; lastKnownFileType = sourcecode.swift; path = AppDelegate.swift; sourceTree = "<group>"; };
		8D91CD9123CEF61400EB85C4 /* SceneDelegate.swift */ = {isa = PBXFileReference; lastKnownFileType = sourcecode.swift; path = SceneDelegate.swift; sourceTree = "<group>"; };
		8D91CD9323CEF61400EB85C4 /* ViewController.swift */ = {isa = PBXFileReference; lastKnownFileType = sourcecode.swift; path = ViewController.swift; sourceTree = "<group>"; };
		8D91CD9623CEF61400EB85C4 /* Base */ = {isa = PBXFileReference; lastKnownFileType = file.storyboard; name = Base; path = Base.lproj/Main.storyboard; sourceTree = "<group>"; };
		8D91CD9823CEF61600EB85C4 /* Assets.xcassets */ = {isa = PBXFileReference; lastKnownFileType = folder.assetcatalog; path = Assets.xcassets; sourceTree = "<group>"; };
		8D91CD9B23CEF61600EB85C4 /* Base */ = {isa = PBXFileReference; lastKnownFileType = file.storyboard; name = Base; path = Base.lproj/LaunchScreen.storyboard; sourceTree = "<group>"; };
		8D91CD9D23CEF61600EB85C4 /* Info.plist */ = {isa = PBXFileReference; lastKnownFileType = text.plist.xml; path = Info.plist; sourceTree = "<group>"; };
		8D91CDA323CF07EB00EB85C4 /* RegisterViewController.swift */ = {isa = PBXFileReference; lastKnownFileType = sourcecode.swift; path = RegisterViewController.swift; sourceTree = "<group>"; };
		8D91CDA623CF0C9800EB85C4 /* HomeViewController.swift */ = {isa = PBXFileReference; lastKnownFileType = sourcecode.swift; path = HomeViewController.swift; sourceTree = "<group>"; };
		8D91CDA823CF129100EB85C4 /* GoogleService-Info.plist */ = {isa = PBXFileReference; fileEncoding = 4; lastKnownFileType = text.plist.xml; path = "GoogleService-Info.plist"; sourceTree = "<group>"; };
		8D91CDAA23CF633200EB85C4 /* ProfileViewController.swift */ = {isa = PBXFileReference; lastKnownFileType = sourcecode.swift; path = ProfileViewController.swift; sourceTree = "<group>"; };
		8D91CDAC23CF8CC200EB85C4 /* PatientsViewController.swift */ = {isa = PBXFileReference; lastKnownFileType = sourcecode.swift; path = PatientsViewController.swift; sourceTree = "<group>"; };
		8D91CDAE23CF941100EB85C4 /* LocalReviewsViewController.swift */ = {isa = PBXFileReference; lastKnownFileType = sourcecode.swift; path = LocalReviewsViewController.swift; sourceTree = "<group>"; };
		8D91CDB023CF9D0000EB85C4 /* CreatePatientViewController.swift */ = {isa = PBXFileReference; lastKnownFileType = sourcecode.swift; path = CreatePatientViewController.swift; sourceTree = "<group>"; };
		8D91CDB223CF9E4700EB85C4 /* NotesViewController.swift */ = {isa = PBXFileReference; lastKnownFileType = sourcecode.swift; path = NotesViewController.swift; sourceTree = "<group>"; };
		8D91CDB423CF9FBD00EB85C4 /* PatientReviewViewController.swift */ = {isa = PBXFileReference; lastKnownFileType = sourcecode.swift; path = PatientReviewViewController.swift; sourceTree = "<group>"; };
		8D91CDB623CFA18D00EB85C4 /* NewExaminationViewController.swift */ = {isa = PBXFileReference; lastKnownFileType = sourcecode.swift; path = NewExaminationViewController.swift; sourceTree = "<group>"; };
		A2D9EE46DAD3EC8E531963B8 /* Pods-Eye-Notebook0.release.xcconfig */ = {isa = PBXFileReference; includeInIndex = 1; lastKnownFileType = text.xcconfig; name = "Pods-Eye-Notebook0.release.xcconfig"; path = "Target Support Files/Pods-Eye-Notebook0/Pods-Eye-Notebook0.release.xcconfig"; sourceTree = "<group>"; };
/* End PBXFileReference section */

/* Begin PBXFrameworksBuildPhase section */
		8D91CD8923CEF61400EB85C4 /* Frameworks */ = {
			isa = PBXFrameworksBuildPhase;
			buildActionMask = 2147483647;
			files = (
				F1335CE27AEC33B4A286A85E /* Pods_Eye_Notebook0.framework in Frameworks */,
			);
			runOnlyForDeploymentPostprocessing = 0;
		};
/* End PBXFrameworksBuildPhase section */

/* Begin PBXGroup section */
		58EBD3D55266BEB9AD46E40B /* Frameworks */ = {
			isa = PBXGroup;
			children = (
				82A3313E7AEF0FD2FD5E7DE9 /* Pods_Eye_Notebook0.framework */,
			);
			name = Frameworks;
			sourceTree = "<group>";
		};
		8D90110923D9F0FD004FB68E /* Model */ = {
			isa = PBXGroup;
			children = (
				8D90110723D9F0F7004FB68E /* PatientsList.swift */,
				8D90110A23DA039E004FB68E /* ListCell.swift */,
				8D90110B23DA039E004FB68E /* ListCell.xib */,
			);
			path = Model;
			sourceTree = "<group>";
		};
		8D91CD8323CEF61400EB85C4 = {
			isa = PBXGroup;
			children = (
				8D91CD8E23CEF61400EB85C4 /* Eye-Notebook0 */,
				8D91CD8D23CEF61400EB85C4 /* Products */,
				BDBF18CCEED943B6BAE54E1E /* Pods */,
				58EBD3D55266BEB9AD46E40B /* Frameworks */,
			);
			sourceTree = "<group>";
		};
		8D91CD8D23CEF61400EB85C4 /* Products */ = {
			isa = PBXGroup;
			children = (
				8D91CD8C23CEF61400EB85C4 /* Eye-Notebook0.app */,
			);
			name = Products;
			sourceTree = "<group>";
		};
		8D91CD8E23CEF61400EB85C4 /* Eye-Notebook0 */ = {
			isa = PBXGroup;
			children = (
				8D91CD8F23CEF61400EB85C4 /* AppDelegate.swift */,
				8D91CD9123CEF61400EB85C4 /* SceneDelegate.swift */,
				8D91CD9523CEF61400EB85C4 /* Main.storyboard */,
				8D91CD9823CEF61600EB85C4 /* Assets.xcassets */,
				8D91CD9A23CEF61600EB85C4 /* LaunchScreen.storyboard */,
				8D91CD9D23CEF61600EB85C4 /* Info.plist */,
				8D91CDA823CF129100EB85C4 /* GoogleService-Info.plist */,
				8D90110923D9F0FD004FB68E /* Model */,
				8D91CDA523CF07F300EB85C4 /* Controllers */,
			);
			path = "Eye-Notebook0";
			sourceTree = "<group>";
		};
		8D91CDA523CF07F300EB85C4 /* Controllers */ = {
			isa = PBXGroup;
			children = (
				8D91CD9323CEF61400EB85C4 /* ViewController.swift */,
				8D91CDA323CF07EB00EB85C4 /* RegisterViewController.swift */,
				8D91CDA623CF0C9800EB85C4 /* HomeViewController.swift */,
				8D91CDAA23CF633200EB85C4 /* ProfileViewController.swift */,
				8D91CDAC23CF8CC200EB85C4 /* PatientsViewController.swift */,
				8D91CDAE23CF941100EB85C4 /* LocalReviewsViewController.swift */,
				8D91CDB023CF9D0000EB85C4 /* CreatePatientViewController.swift */,
				8D91CDB223CF9E4700EB85C4 /* NotesViewController.swift */,
				8D91CDB423CF9FBD00EB85C4 /* PatientReviewViewController.swift */,
				8D91CDB623CFA18D00EB85C4 /* NewExaminationViewController.swift */,
				8D90110523D9E59C004FB68E /* AcquisitionViewController.swift */,
			);
			path = Controllers;
			sourceTree = "<group>";
		};
		BDBF18CCEED943B6BAE54E1E /* Pods */ = {
			isa = PBXGroup;
			children = (
				615C5C18651A70719C1AF245 /* Pods-Eye-Notebook0.debug.xcconfig */,
				A2D9EE46DAD3EC8E531963B8 /* Pods-Eye-Notebook0.release.xcconfig */,
			);
			path = Pods;
			sourceTree = "<group>";
		};
/* End PBXGroup section */

/* Begin PBXNativeTarget section */
		8D91CD8B23CEF61400EB85C4 /* Eye-Notebook0 */ = {
			isa = PBXNativeTarget;
			buildConfigurationList = 8D91CDA023CEF61600EB85C4 /* Build configuration list for PBXNativeTarget "Eye-Notebook0" */;
			buildPhases = (
				C0A289F91AD889FCB47E3377 /* [CP] Check Pods Manifest.lock */,
				8D91CD8823CEF61400EB85C4 /* Sources */,
				8D91CD8923CEF61400EB85C4 /* Frameworks */,
				8D91CD8A23CEF61400EB85C4 /* Resources */,
				A1C2155B825AB09AEE3A5ED1 /* [CP] Embed Pods Frameworks */,
			);
			buildRules = (
			);
			dependencies = (
			);
			name = "Eye-Notebook0";
			productName = "Eye-Notebook0";
			productReference = 8D91CD8C23CEF61400EB85C4 /* Eye-Notebook0.app */;
			productType = "com.apple.product-type.application";
		};
/* End PBXNativeTarget section */

/* Begin PBXProject section */
		8D91CD8423CEF61400EB85C4 /* Project object */ = {
			isa = PBXProject;
			attributes = {
				LastSwiftUpdateCheck = 1130;
				LastUpgradeCheck = 1130;
				ORGANIZATIONNAME = "Sri Harsha";
				TargetAttributes = {
					8D91CD8B23CEF61400EB85C4 = {
						CreatedOnToolsVersion = 11.3;
					};
				};
			};
			buildConfigurationList = 8D91CD8723CEF61400EB85C4 /* Build configuration list for PBXProject "Eye-Notebook0" */;
			compatibilityVersion = "Xcode 9.3";
			developmentRegion = en;
			hasScannedForEncodings = 0;
			knownRegions = (
				en,
				Base,
			);
			mainGroup = 8D91CD8323CEF61400EB85C4;
			productRefGroup = 8D91CD8D23CEF61400EB85C4 /* Products */;
			projectDirPath = "";
			projectRoot = "";
			targets = (
				8D91CD8B23CEF61400EB85C4 /* Eye-Notebook0 */,
			);
		};
/* End PBXProject section */

/* Begin PBXResourcesBuildPhase section */
		8D91CD8A23CEF61400EB85C4 /* Resources */ = {
			isa = PBXResourcesBuildPhase;
			buildActionMask = 2147483647;
			files = (
				8D91CD9C23CEF61600EB85C4 /* LaunchScreen.storyboard in Resources */,
				8D91CDA923CF129100EB85C4 /* GoogleService-Info.plist in Resources */,
				8D91CD9923CEF61600EB85C4 /* Assets.xcassets in Resources */,
				8D91CD9723CEF61400EB85C4 /* Main.storyboard in Resources */,
				8D90110D23DA039E004FB68E /* ListCell.xib in Resources */,
			);
			runOnlyForDeploymentPostprocessing = 0;
		};
/* End PBXResourcesBuildPhase section */

/* Begin PBXShellScriptBuildPhase section */
		A1C2155B825AB09AEE3A5ED1 /* [CP] Embed Pods Frameworks */ = {
			isa = PBXShellScriptBuildPhase;
			buildActionMask = 2147483647;
			files = (
			);
			inputFileListPaths = (
				"${PODS_ROOT}/Target Support Files/Pods-Eye-Notebook0/Pods-Eye-Notebook0-frameworks-${CONFIGURATION}-input-files.xcfilelist",
			);
			name = "[CP] Embed Pods Frameworks";
			outputFileListPaths = (
				"${PODS_ROOT}/Target Support Files/Pods-Eye-Notebook0/Pods-Eye-Notebook0-frameworks-${CONFIGURATION}-output-files.xcfilelist",
			);
			runOnlyForDeploymentPostprocessing = 0;
			shellPath = /bin/sh;
			shellScript = "\"${PODS_ROOT}/Target Support Files/Pods-Eye-Notebook0/Pods-Eye-Notebook0-frameworks.sh\"\n";
			showEnvVarsInLog = 0;
		};
		C0A289F91AD889FCB47E3377 /* [CP] Check Pods Manifest.lock */ = {
			isa = PBXShellScriptBuildPhase;
			buildActionMask = 2147483647;
			files = (
			);
			inputFileListPaths = (
			);
			inputPaths = (
				"${PODS_PODFILE_DIR_PATH}/Podfile.lock",
				"${PODS_ROOT}/Manifest.lock",
			);
			name = "[CP] Check Pods Manifest.lock";
			outputFileListPaths = (
			);
			outputPaths = (
				"$(DERIVED_FILE_DIR)/Pods-Eye-Notebook0-checkManifestLockResult.txt",
			);
			runOnlyForDeploymentPostprocessing = 0;
			shellPath = /bin/sh;
			shellScript = "diff \"${PODS_PODFILE_DIR_PATH}/Podfile.lock\" \"${PODS_ROOT}/Manifest.lock\" > /dev/null\nif [ $? != 0 ] ; then\n    # print error to STDERR\n    echo \"error: The sandbox is not in sync with the Podfile.lock. Run 'pod install' or update your CocoaPods installation.\" >&2\n    exit 1\nfi\n# This output is used by Xcode 'outputs' to avoid re-running this script phase.\necho \"SUCCESS\" > \"${SCRIPT_OUTPUT_FILE_0}\"\n";
			showEnvVarsInLog = 0;
		};
/* End PBXShellScriptBuildPhase section */

/* Begin PBXSourcesBuildPhase section */
		8D91CD8823CEF61400EB85C4 /* Sources */ = {
			isa = PBXSourcesBuildPhase;
			buildActionMask = 2147483647;
			files = (
				8D91CDAB23CF633200EB85C4 /* ProfileViewController.swift in Sources */,
				8D91CDA723CF0C9800EB85C4 /* HomeViewController.swift in Sources */,
				8D91CDAD23CF8CC200EB85C4 /* PatientsViewController.swift in Sources */,
				8D90110C23DA039E004FB68E /* ListCell.swift in Sources */,
				8D91CD9423CEF61400EB85C4 /* ViewController.swift in Sources */,
				8D90110623D9E59C004FB68E /* AcquisitionViewController.swift in Sources */,
				8D90110823D9F0F7004FB68E /* PatientsList.swift in Sources */,
				8D91CDAF23CF941100EB85C4 /* LocalReviewsViewController.swift in Sources */,
				8D91CDB123CF9D0000EB85C4 /* CreatePatientViewController.swift in Sources */,
				8D91CDB323CF9E4700EB85C4 /* NotesViewController.swift in Sources */,
				8D91CDB723CFA18D00EB85C4 /* NewExaminationViewController.swift in Sources */,
				8D91CDB523CF9FBD00EB85C4 /* PatientReviewViewController.swift in Sources */,
				8D91CD9023CEF61400EB85C4 /* AppDelegate.swift in Sources */,
				8D91CD9223CEF61400EB85C4 /* SceneDelegate.swift in Sources */,
				8D91CDA423CF07EB00EB85C4 /* RegisterViewController.swift in Sources */,
			);
			runOnlyForDeploymentPostprocessing = 0;
		};
/* End PBXSourcesBuildPhase section */

/* Begin PBXVariantGroup section */
		8D91CD9523CEF61400EB85C4 /* Main.storyboard */ = {
			isa = PBXVariantGroup;
			children = (
				8D91CD9623CEF61400EB85C4 /* Base */,
			);
			name = Main.storyboard;
			sourceTree = "<group>";
		};
		8D91CD9A23CEF61600EB85C4 /* LaunchScreen.storyboard */ = {
			isa = PBXVariantGroup;
			children = (
				8D91CD9B23CEF61600EB85C4 /* Base */,
			);
			name = LaunchScreen.storyboard;
			sourceTree = "<group>";
		};
/* End PBXVariantGroup section */

/* Begin XCBuildConfiguration section */
		8D91CD9E23CEF61600EB85C4 /* Debug */ = {
			isa = XCBuildConfiguration;
			buildSettings = {
				ALWAYS_SEARCH_USER_PATHS = NO;
				CLANG_ANALYZER_NONNULL = YES;
				CLANG_ANALYZER_NUMBER_OBJECT_CONVERSION = YES_AGGRESSIVE;
				CLANG_CXX_LANGUAGE_STANDARD = "gnu++14";
				CLANG_CXX_LIBRARY = "libc++";
				CLANG_ENABLE_MODULES = YES;
				CLANG_ENABLE_OBJC_ARC = YES;
				CLANG_ENABLE_OBJC_WEAK = YES;
				CLANG_WARN_BLOCK_CAPTURE_AUTORELEASING = YES;
				CLANG_WARN_BOOL_CONVERSION = YES;
				CLANG_WARN_COMMA = YES;
				CLANG_WARN_CONSTANT_CONVERSION = YES;
				CLANG_WARN_DEPRECATED_OBJC_IMPLEMENTATIONS = YES;
				CLANG_WARN_DIRECT_OBJC_ISA_USAGE = YES_ERROR;
				CLANG_WARN_DOCUMENTATION_COMMENTS = YES;
				CLANG_WARN_EMPTY_BODY = YES;
				CLANG_WARN_ENUM_CONVERSION = YES;
				CLANG_WARN_INFINITE_RECURSION = YES;
				CLANG_WARN_INT_CONVERSION = YES;
				CLANG_WARN_NON_LITERAL_NULL_CONVERSION = YES;
				CLANG_WARN_OBJC_IMPLICIT_RETAIN_SELF = YES;
				CLANG_WARN_OBJC_LITERAL_CONVERSION = YES;
				CLANG_WARN_OBJC_ROOT_CLASS = YES_ERROR;
				CLANG_WARN_RANGE_LOOP_ANALYSIS = YES;
				CLANG_WARN_STRICT_PROTOTYPES = YES;
				CLANG_WARN_SUSPICIOUS_MOVE = YES;
				CLANG_WARN_UNGUARDED_AVAILABILITY = YES_AGGRESSIVE;
				CLANG_WARN_UNREACHABLE_CODE = YES;
				CLANG_WARN__DUPLICATE_METHOD_MATCH = YES;
				COPY_PHASE_STRIP = NO;
				DEBUG_INFORMATION_FORMAT = dwarf;
				ENABLE_STRICT_OBJC_MSGSEND = YES;
				ENABLE_TESTABILITY = YES;
				GCC_C_LANGUAGE_STANDARD = gnu11;
				GCC_DYNAMIC_NO_PIC = NO;
				GCC_NO_COMMON_BLOCKS = YES;
				GCC_OPTIMIZATION_LEVEL = 0;
				GCC_PREPROCESSOR_DEFINITIONS = (
					"DEBUG=1",
					"$(inherited)",
				);
				GCC_WARN_64_TO_32_BIT_CONVERSION = YES;
				GCC_WARN_ABOUT_RETURN_TYPE = YES_ERROR;
				GCC_WARN_UNDECLARED_SELECTOR = YES;
				GCC_WARN_UNINITIALIZED_AUTOS = YES_AGGRESSIVE;
				GCC_WARN_UNUSED_FUNCTION = YES;
				GCC_WARN_UNUSED_VARIABLE = YES;
				IPHONEOS_DEPLOYMENT_TARGET = 13.2;
				MTL_ENABLE_DEBUG_INFO = INCLUDE_SOURCE;
				MTL_FAST_MATH = YES;
				ONLY_ACTIVE_ARCH = YES;
				SDKROOT = iphoneos;
				SWIFT_ACTIVE_COMPILATION_CONDITIONS = DEBUG;
				SWIFT_OPTIMIZATION_LEVEL = "-Onone";
			};
			name = Debug;
		};
		8D91CD9F23CEF61600EB85C4 /* Release */ = {
			isa = XCBuildConfiguration;
			buildSettings = {
				ALWAYS_SEARCH_USER_PATHS = NO;
				CLANG_ANALYZER_NONNULL = YES;
				CLANG_ANALYZER_NUMBER_OBJECT_CONVERSION = YES_AGGRESSIVE;
				CLANG_CXX_LANGUAGE_STANDARD = "gnu++14";
				CLANG_CXX_LIBRARY = "libc++";
				CLANG_ENABLE_MODULES = YES;
				CLANG_ENABLE_OBJC_ARC = YES;
				CLANG_ENABLE_OBJC_WEAK = YES;
				CLANG_WARN_BLOCK_CAPTURE_AUTORELEASING = YES;
				CLANG_WARN_BOOL_CONVERSION = YES;
				CLANG_WARN_COMMA = YES;
				CLANG_WARN_CONSTANT_CONVERSION = YES;
				CLANG_WARN_DEPRECATED_OBJC_IMPLEMENTATIONS = YES;
				CLANG_WARN_DIRECT_OBJC_ISA_USAGE = YES_ERROR;
				CLANG_WARN_DOCUMENTATION_COMMENTS = YES;
				CLANG_WARN_EMPTY_BODY = YES;
				CLANG_WARN_ENUM_CONVERSION = YES;
				CLANG_WARN_INFINITE_RECURSION = YES;
				CLANG_WARN_INT_CONVERSION = YES;
				CLANG_WARN_NON_LITERAL_NULL_CONVERSION = YES;
				CLANG_WARN_OBJC_IMPLICIT_RETAIN_SELF = YES;
				CLANG_WARN_OBJC_LITERAL_CONVERSION = YES;
				CLANG_WARN_OBJC_ROOT_CLASS = YES_ERROR;
				CLANG_WARN_RANGE_LOOP_ANALYSIS = YES;
				CLANG_WARN_STRICT_PROTOTYPES = YES;
				CLANG_WARN_SUSPICIOUS_MOVE = YES;
				CLANG_WARN_UNGUARDED_AVAILABILITY = YES_AGGRESSIVE;
				CLANG_WARN_UNREACHABLE_CODE = YES;
				CLANG_WARN__DUPLICATE_METHOD_MATCH = YES;
				COPY_PHASE_STRIP = NO;
				DEBUG_INFORMATION_FORMAT = "dwarf-with-dsym";
				ENABLE_NS_ASSERTIONS = NO;
				ENABLE_STRICT_OBJC_MSGSEND = YES;
				GCC_C_LANGUAGE_STANDARD = gnu11;
				GCC_NO_COMMON_BLOCKS = YES;
				GCC_WARN_64_TO_32_BIT_CONVERSION = YES;
				GCC_WARN_ABOUT_RETURN_TYPE = YES_ERROR;
				GCC_WARN_UNDECLARED_SELECTOR = YES;
				GCC_WARN_UNINITIALIZED_AUTOS = YES_AGGRESSIVE;
				GCC_WARN_UNUSED_FUNCTION = YES;
				GCC_WARN_UNUSED_VARIABLE = YES;
				IPHONEOS_DEPLOYMENT_TARGET = 13.2;
				MTL_ENABLE_DEBUG_INFO = NO;
				MTL_FAST_MATH = YES;
				SDKROOT = iphoneos;
				SWIFT_COMPILATION_MODE = wholemodule;
				SWIFT_OPTIMIZATION_LEVEL = "-O";
				VALIDATE_PRODUCT = YES;
			};
			name = Release;
		};
		8D91CDA123CEF61600EB85C4 /* Debug */ = {
			isa = XCBuildConfiguration;
			baseConfigurationReference = 615C5C18651A70719C1AF245 /* Pods-Eye-Notebook0.debug.xcconfig */;
			buildSettings = {
				ASSETCATALOG_COMPILER_APPICON_NAME = AppIcon;
				CODE_SIGN_STYLE = Automatic;
				DEVELOPMENT_TEAM = SAQ3H6MLH6;
				INFOPLIST_FILE = "Eye-Notebook0/Info.plist";
				IPHONEOS_DEPLOYMENT_TARGET = 12.0;
				LD_RUNPATH_SEARCH_PATHS = (
					"$(inherited)",
					"@executable_path/Frameworks",
				);
				PRODUCT_BUNDLE_IDENTIFIER = "com.sriharsha.Eye-Notebook0";
				PRODUCT_NAME = "$(TARGET_NAME)";
				SWIFT_VERSION = 5.0;
				TARGETED_DEVICE_FAMILY = "1,2";
			};
			name = Debug;
		};
		8D91CDA223CEF61600EB85C4 /* Release */ = {
			isa = XCBuildConfiguration;
			baseConfigurationReference = A2D9EE46DAD3EC8E531963B8 /* Pods-Eye-Notebook0.release.xcconfig */;
			buildSettings = {
				ASSETCATALOG_COMPILER_APPICON_NAME = AppIcon;
				CODE_SIGN_STYLE = Automatic;
				DEVELOPMENT_TEAM = SAQ3H6MLH6;
				INFOPLIST_FILE = "Eye-Notebook0/Info.plist";
				IPHONEOS_DEPLOYMENT_TARGET = 12.0;
				LD_RUNPATH_SEARCH_PATHS = (
					"$(inherited)",
					"@executable_path/Frameworks",
				);
				PRODUCT_BUNDLE_IDENTIFIER = "com.sriharsha.Eye-Notebook0";
				PRODUCT_NAME = "$(TARGET_NAME)";
				SWIFT_VERSION = 5.0;
				TARGETED_DEVICE_FAMILY = "1,2";
			};
			name = Release;
		};
/* End XCBuildConfiguration section */

/* Begin XCConfigurationList section */
		8D91CD8723CEF61400EB85C4 /* Build configuration list for PBXProject "Eye-Notebook0" */ = {
			isa = XCConfigurationList;
			buildConfigurations = (
				8D91CD9E23CEF61600EB85C4 /* Debug */,
				8D91CD9F23CEF61600EB85C4 /* Release */,
			);
			defaultConfigurationIsVisible = 0;
			defaultConfigurationName = Release;
		};
		8D91CDA023CEF61600EB85C4 /* Build configuration list for PBXNativeTarget "Eye-Notebook0" */ = {
			isa = XCConfigurationList;
			buildConfigurations = (
				8D91CDA123CEF61600EB85C4 /* Debug */,
				8D91CDA223CEF61600EB85C4 /* Release */,
			);
			defaultConfigurationIsVisible = 0;
			defaultConfigurationName = Release;
		};
/* End XCConfigurationList section */
	};
	rootObject = 8D91CD8423CEF61400EB85C4 /* Project object */;
}
