// !$*UTF8*$!
{
	archiveVersion = 1;
	classes = {
	};
	objectVersion = 50;
	objects = {

/* Begin PBXBuildFile section */
		8D91CD9023CEF61400EB85C4 /* AppDelegate.swift in Sources */ = {isa = PBXBuildFile; fileRef = 8D91CD8F23CEF61400EB85C4 /* AppDelegate.swift */; };
		8D91CD9223CEF61400EB85C4 /* SceneDelegate.swift in Sources */ = {isa = PBXBuildFile; fileRef = 8D91CD9123CEF61400EB85C4 /* SceneDelegate.swift */; };
		8D91CD9423CEF61400EB85C4 /* ViewController.swift in Sources */ = {isa = PBXBuildFile; fileRef = 8D91CD9323CEF61400EB85C4 /* ViewController.swift */; };
		8D91CD9723CEF61400EB85C4 /* Main.storyboard in Resources */ = {isa = PBXBuildFile; fileRef = 8D91CD9523CEF61400EB85C4 /* Main.storyboard */; };
		8D91CD9923CEF61600EB85C4 /* Assets.xcassets in Resources */ = {isa = PBXBuildFile; fileRef = 8D91CD9823CEF61600EB85C4 /* Assets.xcassets */; };
		8D91CD9C23CEF61600EB85C4 /* LaunchScreen.storyboard in Resources */ = {isa = PBXBuildFile; fileRef = 8D91CD9A23CEF61600EB85C4 /* LaunchScreen.storyboard */; };
/* End PBXBuildFile section */

/* Begin PBXFileReference section */
		8D91CD8C23CEF61400EB85C4 /* Eye-Notebook0.app */ = {isa = PBXFileReference; explicitFileType = wrapper.application; includeInIndex = 0; path = "Eye-Notebook0.app"; sourceTree = BUILT_PRODUCTS_DIR; };
		8D91CD8F23CEF61400EB85C4 /* AppDelegate.swift */ = {isa = PBXFileReference; lastKnownFileType = sourcecode.swift; path = AppDelegate.swift; sourceTree = "<group>"; };
		8D91CD9123CEF61400EB85C4 /* SceneDelegate.swift */ = {isa = PBXFileReference; lastKnownFileType = sourcecode.swift; path = SceneDelegate.swift; sourceTree = "<group>"; };
		8D91CD9323CEF61400EB85C4 /* ViewController.swift */ = {isa = PBXFileReference; lastKnownFileType = sourcecode.swift; path = ViewController.swift; sourceTree = "<group>"; };
		8D91CD9623CEF61400EB85C4 /* Base */ = {isa = PBXFileReference; lastKnownFileType = file.storyboard; name = Base; path = Base.lproj/Main.storyboard; sourceTree = "<group>"; };
		8D91CD9823CEF61600EB85C4 /* Assets.xcassets */ = {isa = PBXFileReference; lastKnownFileType = folder.assetcatalog; path = Assets.xcassets; sourceTree = "<group>"; };
		8D91CD9B23CEF61600EB85C4 /* Base */ = {isa = PBXFileReference; lastKnownFileType = file.storyboard; name = Base; path = Base.lproj/LaunchScreen.storyboard; sourceTree = "<group>"; };
		8D91CD9D23CEF61600EB85C4 /* Info.plist */ = {isa = PBXFileReference; lastKnownFileType = text.plist.xml; path = Info.plist; sourceTree = "<group>"; };
/* End PBXFileReference section */

/* Begin PBXFrameworksBuildPhase section */
		8D91CD8923CEF61400EB85C4 /* Frameworks */ = {
			isa = PBXFrameworksBuildPhase;
			buildActionMask = 2147483647;
			files = (
			);
			runOnlyForDeploymentPostprocessing = 0;
		};
/* End PBXFrameworksBuildPhase section */

/* Begin PBXGroup section */
		8D91CD8323CEF61400EB85C4 = {
			isa = PBXGroup;
			children = (
				8D91CD8E23CEF61400EB85C4 /* Eye-Notebook0 */,
				8D91CD8D23CEF61400EB85C4 /* Products */,
			);
			sourceTree = "<group>";
		};
		8D91CD8D23CEF61400EB85C4 /* Products */ = {
			isa = PBXGroup;
			children = (
				8D91CD8C23CEF61400EB85C4 /* Eye-Notebook0.app */,
			);
			name = Products;
			sourceTree = "<group>";
		};
		8D91CD8E23CEF61400EB85C4 /* Eye-Notebook0 */ = {
			isa = PBXGroup;
			children = (
				8D91CD8F23CEF61400EB85C4 /* AppDelegate.swift */,
				8D91CD9123CEF61400EB85C4 /* SceneDelegate.swift */,
				8D91CD9323CEF61400EB85C4 /* ViewController.swift */,
				8D91CD9523CEF61400EB85C4 /* Main.storyboard */,
				8D91CD9823CEF61600EB85C4 /* Assets.xcassets */,
				8D91CD9A23CEF61600EB85C4 /* LaunchScreen.storyboard */,
				8D91CD9D23CEF61600EB85C4 /* Info.plist */,
			);
			path = "Eye-Notebook0";
			sourceTree = "<group>";
		};
/* End PBXGroup section */

/* Begin PBXNativeTarget section */
		8D91CD8B23CEF61400EB85C4 /* Eye-Notebook0 */ = {
			isa = PBXNativeTarget;
			buildConfigurationList = 8D91CDA023CEF61600EB85C4 /* Build configuration list for PBXNativeTarget "Eye-Notebook0" */;
			buildPhases = (
				8D91CD8823CEF61400EB85C4 /* Sources */,
				8D91CD8923CEF61400EB85C4 /* Frameworks */,
				8D91CD8A23CEF61400EB85C4 /* Resources */,
			);
			buildRules = (
			);
			dependencies = (
			);
			name = "Eye-Notebook0";
			productName = "Eye-Notebook0";
			productReference = 8D91CD8C23CEF61400EB85C4 /* Eye-Notebook0.app */;
			productType = "com.apple.product-type.application";
		};
/* End PBXNativeTarget section */

/* Begin PBXProject section */
		8D91CD8423CEF61400EB85C4 /* Project object */ = {
			isa = PBXProject;
			attributes = {
				LastSwiftUpdateCheck = 1130;
				LastUpgradeCheck = 1130;
				ORGANIZATIONNAME = "Sri Harsha";
				TargetAttributes = {
					8D91CD8B23CEF61400EB85C4 = {
						CreatedOnToolsVersion = 11.3;
					};
				};
			};
			buildConfigurationList = 8D91CD8723CEF61400EB85C4 /* Build configuration list for PBXProject "Eye-Notebook0" */;
			compatibilityVersion = "Xcode 9.3";
			developmentRegion = en;
			hasScannedForEncodings = 0;
			knownRegions = (
				en,
				Base,
			);
			mainGroup = 8D91CD8323CEF61400EB85C4;
			productRefGroup = 8D91CD8D23CEF61400EB85C4 /* Products */;
			projectDirPath = "";
			projectRoot = "";
			targets = (
				8D91CD8B23CEF61400EB85C4 /* Eye-Notebook0 */,
			);
		};
/* End PBXProject section */

/* Begin PBXResourcesBuildPhase section */
		8D91CD8A23CEF61400EB85C4 /* Resources */ = {
			isa = PBXResourcesBuildPhase;
			buildActionMask = 2147483647;
			files = (
				8D91CD9C23CEF61600EB85C4 /* LaunchScreen.storyboard in Resources */,
				8D91CD9923CEF61600EB85C4 /* Assets.xcassets in Resources */,
				8D91CD9723CEF61400EB85C4 /* Main.storyboard in Resources */,
			);
			runOnlyForDeploymentPostprocessing = 0;
		};
/* End PBXResourcesBuildPhase section */

/* Begin PBXSourcesBuildPhase section */
		8D91CD8823CEF61400EB85C4 /* Sources */ = {
			isa = PBXSourcesBuildPhase;
			buildActionMask = 2147483647;
			files = (
				8D91CD9423CEF61400EB85C4 /* ViewController.swift in Sources */,
				8D91CD9023CEF61400EB85C4 /* AppDelegate.swift in Sources */,
				8D91CD9223CEF61400EB85C4 /* SceneDelegate.swift in Sources */,
			);
			runOnlyForDeploymentPostprocessing = 0;
		};
/* End PBXSourcesBuildPhase section */

/* Begin PBXVariantGroup section */
		8D91CD9523CEF61400EB85C4 /* Main.storyboard */ = {
			isa = PBXVariantGroup;
			children = (
				8D91CD9623CEF61400EB85C4 /* Base */,
			);
			name = Main.storyboard;
			sourceTree = "<group>";
		};
		8D91CD9A23CEF61600EB85C4 /* LaunchScreen.storyboard */ = {
			isa = PBXVariantGroup;
			children = (
				8D91CD9B23CEF61600EB85C4 /* Base */,
			);
			name = LaunchScreen.storyboard;
			sourceTree = "<group>";
		};
/* End PBXVariantGroup section */

/* Begin XCBuildConfiguration section */
		8D91CD9E23CEF61600EB85C4 /* Debug */ = {
			isa = XCBuildConfiguration;
			buildSettings = {
				ALWAYS_SEARCH_USER_PATHS = NO;
				CLANG_ANALYZER_NONNULL = YES;
				CLANG_ANALYZER_NUMBER_OBJECT_CONVERSION = YES_AGGRESSIVE;
				CLANG_CXX_LANGUAGE_STANDARD = "gnu++14";
				CLANG_CXX_LIBRARY = "libc++";
				CLANG_ENABLE_MODULES = YES;
				CLANG_ENABLE_OBJC_ARC = YES;
				CLANG_ENABLE_OBJC_WEAK = YES;
				CLANG_WARN_BLOCK_CAPTURE_AUTORELEASING = YES;
				CLANG_WARN_BOOL_CONVERSION = YES;
				CLANG_WARN_COMMA = YES;
				CLANG_WARN_CONSTANT_CONVERSION = YES;
				CLANG_WARN_DEPRECATED_OBJC_IMPLEMENTATIONS = YES;
				CLANG_WARN_DIRECT_OBJC_ISA_USAGE = YES_ERROR;
				CLANG_WARN_DOCUMENTATION_COMMENTS = YES;
				CLANG_WARN_EMPTY_BODY = YES;
				CLANG_WARN_ENUM_CONVERSION = YES;
				CLANG_WARN_INFINITE_RECURSION = YES;
				CLANG_WARN_INT_CONVERSION = YES;
				CLANG_WARN_NON_LITERAL_NULL_CONVERSION = YES;
				CLANG_WARN_OBJC_IMPLICIT_RETAIN_SELF = YES;
				CLANG_WARN_OBJC_LITERAL_CONVERSION = YES;
				CLANG_WARN_OBJC_ROOT_CLASS = YES_ERROR;
				CLANG_WARN_RANGE_LOOP_ANALYSIS = YES;
				CLANG_WARN_STRICT_PROTOTYPES = YES;
				CLANG_WARN_SUSPICIOUS_MOVE = YES;
				CLANG_WARN_UNGUARDED_AVAILABILITY = YES_AGGRESSIVE;
				CLANG_WARN_UNREACHABLE_CODE = YES;
				CLANG_WARN__DUPLICATE_METHOD_MATCH = YES;
				COPY_PHASE_STRIP = NO;
				DEBUG_INFORMATION_FORMAT = dwarf;
				ENABLE_STRICT_OBJC_MSGSEND = YES;
				ENABLE_TESTABILITY = YES;
				GCC_C_LANGUAGE_STANDARD = gnu11;
				GCC_DYNAMIC_NO_PIC = NO;
				GCC_NO_COMMON_BLOCKS = YES;
				GCC_OPTIMIZATION_LEVEL = 0;
				GCC_PREPROCESSOR_DEFINITIONS = (
					"DEBUG=1",
					"$(inherited)",
				);
				GCC_WARN_64_TO_32_BIT_CONVERSION = YES;
				GCC_WARN_ABOUT_RETURN_TYPE = YES_ERROR;
				GCC_WARN_UNDECLARED_SELECTOR = YES;
				GCC_WARN_UNINITIALIZED_AUTOS = YES_AGGRESSIVE;
				GCC_WARN_UNUSED_FUNCTION = YES;
				GCC_WARN_UNUSED_VARIABLE = YES;
				IPHONEOS_DEPLOYMENT_TARGET = 13.2;
				MTL_ENABLE_DEBUG_INFO = INCLUDE_SOURCE;
				MTL_FAST_MATH = YES;
				ONLY_ACTIVE_ARCH = YES;
				SDKROOT = iphoneos;
				SWIFT_ACTIVE_COMPILATION_CONDITIONS = DEBUG;
				SWIFT_OPTIMIZATION_LEVEL = "-Onone";
			};
			name = Debug;
		};
		8D91CD9F23CEF61600EB85C4 /* Release */ = {
			isa = XCBuildConfiguration;
			buildSettings = {
				ALWAYS_SEARCH_USER_PATHS = NO;
				CLANG_ANALYZER_NONNULL = YES;
				CLANG_ANALYZER_NUMBER_OBJECT_CONVERSION = YES_AGGRESSIVE;
				CLANG_CXX_LANGUAGE_STANDARD = "gnu++14";
				CLANG_CXX_LIBRARY = "libc++";
				CLANG_ENABLE_MODULES = YES;
				CLANG_ENABLE_OBJC_ARC = YES;
				CLANG_ENABLE_OBJC_WEAK = YES;
				CLANG_WARN_BLOCK_CAPTURE_AUTORELEASING = YES;
				CLANG_WARN_BOOL_CONVERSION = YES;
				CLANG_WARN_COMMA = YES;
				CLANG_WARN_CONSTANT_CONVERSION = YES;
				CLANG_WARN_DEPRECATED_OBJC_IMPLEMENTATIONS = YES;
				CLANG_WARN_DIRECT_OBJC_ISA_USAGE = YES_ERROR;
				CLANG_WARN_DOCUMENTATION_COMMENTS = YES;
				CLANG_WARN_EMPTY_BODY = YES;
				CLANG_WARN_ENUM_CONVERSION = YES;
				CLANG_WARN_INFINITE_RECURSION = YES;
				CLANG_WARN_INT_CONVERSION = YES;
				CLANG_WARN_NON_LITERAL_NULL_CONVERSION = YES;
				CLANG_WARN_OBJC_IMPLICIT_RETAIN_SELF = YES;
				CLANG_WARN_OBJC_LITERAL_CONVERSION = YES;
				CLANG_WARN_OBJC_ROOT_CLASS = YES_ERROR;
				CLANG_WARN_RANGE_LOOP_ANALYSIS = YES;
				CLANG_WARN_STRICT_PROTOTYPES = YES;
				CLANG_WARN_SUSPICIOUS_MOVE = YES;
				CLANG_WARN_UNGUARDED_AVAILABILITY = YES_AGGRESSIVE;
				CLANG_WARN_UNREACHABLE_CODE = YES;
				CLANG_WARN__DUPLICATE_METHOD_MATCH = YES;
				COPY_PHASE_STRIP = NO;
				DEBUG_INFORMATION_FORMAT = "dwarf-with-dsym";
				ENABLE_NS_ASSERTIONS = NO;
				ENABLE_STRICT_OBJC_MSGSEND = YES;
				GCC_C_LANGUAGE_STANDARD = gnu11;
				GCC_NO_COMMON_BLOCKS = YES;
				GCC_WARN_64_TO_32_BIT_CONVERSION = YES;
				GCC_WARN_ABOUT_RETURN_TYPE = YES_ERROR;
				GCC_WARN_UNDECLARED_SELECTOR = YES;
				GCC_WARN_UNINITIALIZED_AUTOS = YES_AGGRESSIVE;
				GCC_WARN_UNUSED_FUNCTION = YES;
				GCC_WARN_UNUSED_VARIABLE = YES;
				IPHONEOS_DEPLOYMENT_TARGET = 13.2;
				MTL_ENABLE_DEBUG_INFO = NO;
				MTL_FAST_MATH = YES;
				SDKROOT = iphoneos;
				SWIFT_COMPILATION_MODE = wholemodule;
				SWIFT_OPTIMIZATION_LEVEL = "-O";
				VALIDATE_PRODUCT = YES;
			};
			name = Release;
		};
		8D91CDA123CEF61600EB85C4 /* Debug */ = {
			isa = XCBuildConfiguration;
			buildSettings = {
				ASSETCATALOG_COMPILER_APPICON_NAME = AppIcon;
				CODE_SIGN_STYLE = Automatic;
				DEVELOPMENT_TEAM = SAQ3H6MLH6;
				INFOPLIST_FILE = "Eye-Notebook0/Info.plist";
				LD_RUNPATH_SEARCH_PATHS = (
					"$(inherited)",
					"@executable_path/Frameworks",
				);
				PRODUCT_BUNDLE_IDENTIFIER = "com.sriharsha.Eye-Notebook0";
				PRODUCT_NAME = "$(TARGET_NAME)";
				SWIFT_VERSION = 5.0;
				TARGETED_DEVICE_FAMILY = "1,2";
			};
			name = Debug;
		};
		8D91CDA223CEF61600EB85C4 /* Release */ = {
			isa = XCBuildConfiguration;
			buildSettings = {
				ASSETCATALOG_COMPILER_APPICON_NAME = AppIcon;
				CODE_SIGN_STYLE = Automatic;
				DEVELOPMENT_TEAM = SAQ3H6MLH6;
				INFOPLIST_FILE = "Eye-Notebook0/Info.plist";
				LD_RUNPATH_SEARCH_PATHS = (
					"$(inherited)",
					"@executable_path/Frameworks",
				);
				PRODUCT_BUNDLE_IDENTIFIER = "com.sriharsha.Eye-Notebook0";
				PRODUCT_NAME = "$(TARGET_NAME)";
				SWIFT_VERSION = 5.0;
				TARGETED_DEVICE_FAMILY = "1,2";
			};
			name = Release;
		};
/* End XCBuildConfiguration section */

/* Begin XCConfigurationList section */
		8D91CD8723CEF61400EB85C4 /* Build configuration list for PBXProject "Eye-Notebook0" */ = {
			isa = XCConfigurationList;
			buildConfigurations = (
				8D91CD9E23CEF61600EB85C4 /* Debug */,
				8D91CD9F23CEF61600EB85C4 /* Release */,
			);
			defaultConfigurationIsVisible = 0;
			defaultConfigurationName = Release;
		};
		8D91CDA023CEF61600EB85C4 /* Build configuration list for PBXNativeTarget "Eye-Notebook0" */ = {
			isa = XCConfigurationList;
			buildConfigurations = (
				8D91CDA123CEF61600EB85C4 /* Debug */,
				8D91CDA223CEF61600EB85C4 /* Release */,
			);
			defaultConfigurationIsVisible = 0;
			defaultConfigurationName = Release;
		};
/* End XCConfigurationList section */
	};
	rootObject = 8D91CD8423CEF61400EB85C4 /* Project object */;
}
